
Microsoft Visual Studio Solution File, Format Version 12.00
# Visual Studio 15
VisualStudioVersion = 15.0.28307.960
MinimumVisualStudioVersion = 10.0.40219.1
Project("{FAE04EC0-301F-11D3-BF4B-00C04F79EFBC}") = "PHE_APP_SAS.WEB", "PHE_APP_SAS.WEB\PHE_APP_SAS.WEB.csproj", "{5D2C4149-BA90-46B2-810D-F4877C21527F}"
EndProject
Project("{FAE04EC0-301F-11D3-BF4B-00C04F79EFBC}") = "PHE_APP_SAS.HTML", "PHE_APP_SAS.HTML\PHE_APP_SAS.HTML.csproj", "{A7C85B1C-0E6C-4F00-957B-667764758A31}"
EndProject
Global
	GlobalSection(SolutionConfigurationPlatforms) = preSolution
		Debug|Any CPU = Debug|Any CPU
		Release|Any CPU = Release|Any CPU
	EndGlobalSection
	GlobalSection(ProjectConfigurationPlatforms) = postSolution
		{5D2C4149-BA90-46B2-810D-F4877C21527F}.Debug|Any CPU.ActiveCfg = Debug|Any CPU
		{5D2C4149-BA90-46B2-810D-F4877C21527F}.Debug|Any CPU.Build.0 = Debug|Any CPU
		{5D2C4149-BA90-46B2-810D-F4877C21527F}.Release|Any CPU.ActiveCfg = Release|Any CPU
		{5D2C4149-BA90-46B2-810D-F4877C21527F}.Release|Any CPU.Build.0 = Release|Any CPU
		{A7C85B1C-0E6C-4F00-957B-667764758A31}.Debug|Any CPU.ActiveCfg = Debug|Any CPU
		{A7C85B1C-0E6C-4F00-957B-667764758A31}.Debug|Any CPU.Build.0 = Debug|Any CPU
		{A7C85B1C-0E6C-4F00-957B-667764758A31}.Release|Any CPU.ActiveCfg = Release|Any CPU
		{A7C85B1C-0E6C-4F00-957B-667764758A31}.Release|Any CPU.Build.0 = Release|Any CPU
	EndGlobalSection
	GlobalSection(SolutionProperties) = preSolution
		HideSolutionNode = FALSE
	EndGlobalSection
	GlobalSection(ExtensibilityGlobals) = postSolution
		SolutionGuid = {FA8AC118-EE94-40A0-B307-B14799A3EB8A}
	EndGlobalSection
EndGlobal
